
Microsoft Visual Studio Solution File, Format Version 12.00
# Visual Studio Version 17
VisualStudioVersion = 17.4.33205.214
MinimumVisualStudioVersion = 10.0.40219.1
Project("{FAE04EC0-301F-11D3-BF4B-00C04F79EFBC}") = "Email Client", "Email Client\Email Client.csproj", "{88BE111C-C641-432E-99BB-0CB5F78E8658}"
EndProject
Global
	GlobalSection(SolutionConfigurationPlatforms) = preSolution
		Debug|Any CPU = Debug|Any CPU
		Release|Any CPU = Release|Any CPU
	EndGlobalSection
	GlobalSection(ProjectConfigurationPlatforms) = postSolution
		{88BE111C-C641-432E-99BB-0CB5F78E8658}.Debug|Any CPU.ActiveCfg = Debug|Any CPU
		{88BE111C-C641-432E-99BB-0CB5F78E8658}.Debug|Any CPU.Build.0 = Debug|Any CPU
		{88BE111C-C641-432E-99BB-0CB5F78E8658}.Release|Any CPU.ActiveCfg = Release|Any CPU
		{88BE111C-C641-432E-99BB-0CB5F78E8658}.Release|Any CPU.Build.0 = Release|Any CPU
	EndGlobalSection
	GlobalSection(SolutionProperties) = preSolution
		HideSolutionNode = FALSE
	EndGlobalSection
	GlobalSection(ExtensibilityGlobals) = postSolution
		SolutionGuid = {62AFDE4A-9ECA-49FE-A215-9333A6F6D562}
	EndGlobalSection
EndGlobal
